
Microsoft Visual Studio Solution File, Format Version 12.00
# Visual Studio 14
VisualStudioVersion = 14.0.24720.0
MinimumVisualStudioVersion = 10.0.40219.1
Project("{FAE04EC0-301F-11D3-BF4B-00C04F79EFBC}") = "SampleAutomatedWebTesting", "SampleAutomatedWebTesting\SampleAutomatedWebTesting.csproj", "{746BFA93-35C6-47C0-9922-9AD39EEDE05D}"
EndProject
Project("{FAE04EC0-301F-11D3-BF4B-00C04F79EFBC}") = "AutomatedTests", "AutomatedTests\AutomatedTests.csproj", "{38462553-D2FF-438E-9F4C-9B3E1222F676}"
EndProject
Global
	GlobalSection(SolutionConfigurationPlatforms) = preSolution
		Debug|Any CPU = Debug|Any CPU
		Release|Any CPU = Release|Any CPU
	EndGlobalSection
	GlobalSection(ProjectConfigurationPlatforms) = postSolution
		{746BFA93-35C6-47C0-9922-9AD39EEDE05D}.Debug|Any CPU.ActiveCfg = Debug|Any CPU
		{746BFA93-35C6-47C0-9922-9AD39EEDE05D}.Debug|Any CPU.Build.0 = Debug|Any CPU
		{746BFA93-35C6-47C0-9922-9AD39EEDE05D}.Release|Any CPU.ActiveCfg = Release|Any CPU
		{746BFA93-35C6-47C0-9922-9AD39EEDE05D}.Release|Any CPU.Build.0 = Release|Any CPU
		{38462553-D2FF-438E-9F4C-9B3E1222F676}.Debug|Any CPU.ActiveCfg = Debug|Any CPU
		{38462553-D2FF-438E-9F4C-9B3E1222F676}.Debug|Any CPU.Build.0 = Debug|Any CPU
		{38462553-D2FF-438E-9F4C-9B3E1222F676}.Release|Any CPU.ActiveCfg = Release|Any CPU
		{38462553-D2FF-438E-9F4C-9B3E1222F676}.Release|Any CPU.Build.0 = Release|Any CPU
	EndGlobalSection
	GlobalSection(SolutionProperties) = preSolution
		HideSolutionNode = FALSE
	EndGlobalSection
EndGlobal
